// !$*UTF8*$!
{
	archiveVersion = 1;
	classes = {
	};
	objectVersion = 46;
	objects = {

/* Begin PBXBuildFile section */
		7007005117D3F37C0055A530 /* Accelerate.framework in Frameworks */ = {isa = PBXBuildFile; fileRef = 7007005017D3F37C0055A530 /* Accelerate.framework */; };
		7007005417D3F46A0055A530 /* FXBlurView.m in Sources */ = {isa = PBXBuildFile; fileRef = 7007005317D3F38C0055A530 /* FXBlurView.m */; };
		701B47AC17E318DF00EEFD15 /* slider_maximum.png in Resources */ = {isa = PBXBuildFile; fileRef = 701B47AA17E318DF00EEFD15 /* slider_maximum.png */; };
		701B47AD17E318DF00EEFD15 /* slider_minimum.png in Resources */ = {isa = PBXBuildFile; fileRef = 701B47AB17E318DF00EEFD15 /* slider_minimum.png */; };
		702E479D17E9CF3E0035891A /* gear.png in Resources */ = {isa = PBXBuildFile; fileRef = 702E479C17E9CF3E0035891A /* gear.png */; };
		702E47A017E9F91B0035891A /* sun.png in Resources */ = {isa = PBXBuildFile; fileRef = 702E479E17E9F91B0035891A /* sun.png */; };
		702E47A117E9F91B0035891A /* moon.png in Resources */ = {isa = PBXBuildFile; fileRef = 702E479F17E9F91B0035891A /* moon.png */; };
		70517B9917E92ED200ED2D7E /* settingsViewController.m in Sources */ = {isa = PBXBuildFile; fileRef = 70517B9817E92ED200ED2D7E /* settingsViewController.m */; };
		7054837117D0D21100FC83DE /* Default-Landscape~ipad.png in Resources */ = {isa = PBXBuildFile; fileRef = 7054837017D0D21100FC83DE /* Default-Landscape~ipad.png */; };
		7054837317D0D21400FC83DE /* Default-Landscape@2x~ipad.png in Resources */ = {isa = PBXBuildFile; fileRef = 7054837217D0D21400FC83DE /* Default-Landscape@2x~ipad.png */; };
		7054B9A317C6174F00BA5483 /* selezionaVideoMusicaliController.m in Sources */ = {isa = PBXBuildFile; fileRef = 7054B9A217C6174F00BA5483 /* selezionaVideoMusicaliController.m */; };
		706F713317E3D35100F6D424 /* loop.png in Resources */ = {isa = PBXBuildFile; fileRef = 706F712517E3D35100F6D424 /* loop.png */; };
		706F713417E3D35100F6D424 /* loop@2x.png in Resources */ = {isa = PBXBuildFile; fileRef = 706F712617E3D35100F6D424 /* loop@2x.png */; };
		706F713517E3D35100F6D424 /* loopOff.png in Resources */ = {isa = PBXBuildFile; fileRef = 706F712717E3D35100F6D424 /* loopOff.png */; };
		706F713617E3D35100F6D424 /* loopOff@2x.png in Resources */ = {isa = PBXBuildFile; fileRef = 706F712817E3D35100F6D424 /* loopOff@2x.png */; };
		706F713717E3D35100F6D424 /* pause.png in Resources */ = {isa = PBXBuildFile; fileRef = 706F712917E3D35100F6D424 /* pause.png */; };
		706F713817E3D35100F6D424 /* pause@2x.png in Resources */ = {isa = PBXBuildFile; fileRef = 706F712A17E3D35100F6D424 /* pause@2x.png */; };
		706F713917E3D35100F6D424 /* playpause.png in Resources */ = {isa = PBXBuildFile; fileRef = 706F712B17E3D35100F6D424 /* playpause.png */; };
		706F713A17E3D35100F6D424 /* playpause@2x.png in Resources */ = {isa = PBXBuildFile; fileRef = 706F712C17E3D35100F6D424 /* playpause@2x.png */; };
		706F713B17E3D35100F6D424 /* stop.png in Resources */ = {isa = PBXBuildFile; fileRef = 706F712D17E3D35100F6D424 /* stop.png */; };
		706F713C17E3D35100F6D424 /* stop@2x.png in Resources */ = {isa = PBXBuildFile; fileRef = 706F712E17E3D35100F6D424 /* stop@2x.png */; };
		706F713D17E3D35100F6D424 /* volumeoff.png in Resources */ = {isa = PBXBuildFile; fileRef = 706F712F17E3D35100F6D424 /* volumeoff.png */; };
		706F713E17E3D35100F6D424 /* volumeoff@2x.png in Resources */ = {isa = PBXBuildFile; fileRef = 706F713017E3D35100F6D424 /* volumeoff@2x.png */; };
		706F713F17E3D35100F6D424 /* volumeon.png in Resources */ = {isa = PBXBuildFile; fileRef = 706F713117E3D35100F6D424 /* volumeon.png */; };
		706F714017E3D35100F6D424 /* volumeon@2x.png in Resources */ = {isa = PBXBuildFile; fileRef = 706F713217E3D35100F6D424 /* volumeon@2x.png */; };
		7075ED8417F4608500957CA7 /* ExtendNSLogFunctionality.m in Sources */ = {isa = PBXBuildFile; fileRef = 7075ED8317F4608500957CA7 /* ExtendNSLogFunctionality.m */; };
		7099BBE117E38778008E105D /* Lato-Black.ttf in Resources */ = {isa = PBXBuildFile; fileRef = 7099BBD717E38778008E105D /* Lato-Black.ttf */; };
		7099BBE217E38778008E105D /* Lato-BlackItalic.ttf in Resources */ = {isa = PBXBuildFile; fileRef = 7099BBD817E38778008E105D /* Lato-BlackItalic.ttf */; };
		7099BBE317E38778008E105D /* Lato-Bold.ttf in Resources */ = {isa = PBXBuildFile; fileRef = 7099BBD917E38778008E105D /* Lato-Bold.ttf */; };
		7099BBE417E38778008E105D /* Lato-BoldItalic.ttf in Resources */ = {isa = PBXBuildFile; fileRef = 7099BBDA17E38778008E105D /* Lato-BoldItalic.ttf */; };
		7099BBE517E38778008E105D /* Lato-Hairline.ttf in Resources */ = {isa = PBXBuildFile; fileRef = 7099BBDB17E38778008E105D /* Lato-Hairline.ttf */; };
		7099BBE617E38778008E105D /* Lato-HairlineItalic.ttf in Resources */ = {isa = PBXBuildFile; fileRef = 7099BBDC17E38778008E105D /* Lato-HairlineItalic.ttf */; };
		7099BBE717E38778008E105D /* Lato-Italic.ttf in Resources */ = {isa = PBXBuildFile; fileRef = 7099BBDD17E38778008E105D /* Lato-Italic.ttf */; };
		7099BBE817E38778008E105D /* Lato-Light.ttf in Resources */ = {isa = PBXBuildFile; fileRef = 7099BBDE17E38778008E105D /* Lato-Light.ttf */; };
		7099BBE917E38778008E105D /* Lato-LightItalic.ttf in Resources */ = {isa = PBXBuildFile; fileRef = 7099BBDF17E38778008E105D /* Lato-LightItalic.ttf */; };
		7099BBEA17E38778008E105D /* Lato-Regular.ttf in Resources */ = {isa = PBXBuildFile; fileRef = 7099BBE017E38778008E105D /* Lato-Regular.ttf */; };
		7099BC1017E38A02008E105D /* UIColor+FlatUI.m in Sources */ = {isa = PBXBuildFile; fileRef = 7099BBFB17E387CC008E105D /* UIColor+FlatUI.m */; };
		7099BC1117E38A02008E105D /* UIFont+FlatUI.m in Sources */ = {isa = PBXBuildFile; fileRef = 7099BBFD17E387CC008E105D /* UIFont+FlatUI.m */; };
		7099BC1217E38A02008E105D /* UITableViewCell+FlatUI.m in Sources */ = {isa = PBXBuildFile; fileRef = 7099BC0D17E387CC008E105D /* UITableViewCell+FlatUI.m */; };
		7099BC1317E38A26008E105D /* FUIAlertView.m in Sources */ = {isa = PBXBuildFile; fileRef = 7099BBED17E387CC008E105D /* FUIAlertView.m */; };
		7099BC1417E38A26008E105D /* FUIButton.m in Sources */ = {isa = PBXBuildFile; fileRef = 7099BBEF17E387CC008E105D /* FUIButton.m */; };
		7099BC1517E38A26008E105D /* FUICellBackgroundView.m in Sources */ = {isa = PBXBuildFile; fileRef = 7099BBF117E387CC008E105D /* FUICellBackgroundView.m */; };
		7099BC1617E38A26008E105D /* FUIPopoverBackgroundView.m in Sources */ = {isa = PBXBuildFile; fileRef = 7099BBF317E387CC008E105D /* FUIPopoverBackgroundView.m */; };
		7099BC1717E38A26008E105D /* FUISegmentedControl.m in Sources */ = {isa = PBXBuildFile; fileRef = 7099BBF517E387CC008E105D /* FUISegmentedControl.m */; };
		7099BC1817E38A26008E105D /* FUISwitch.m in Sources */ = {isa = PBXBuildFile; fileRef = 7099BBF717E387CC008E105D /* FUISwitch.m */; };
		7099BC1917E38A26008E105D /* UIBarButtonItem+FlatUI.m in Sources */ = {isa = PBXBuildFile; fileRef = 7099BBF917E387CC008E105D /* UIBarButtonItem+FlatUI.m */; };
		7099BC1A17E38A26008E105D /* UIImage+FlatUI.m in Sources */ = {isa = PBXBuildFile; fileRef = 7099BBFF17E387CC008E105D /* UIImage+FlatUI.m */; };
		7099BC1B17E38A26008E105D /* UINavigationBar+FlatUI.m in Sources */ = {isa = PBXBuildFile; fileRef = 7099BC0117E387CC008E105D /* UINavigationBar+FlatUI.m */; };
		7099BC1C17E38A26008E105D /* UIPopoverController+FlatUI.m in Sources */ = {isa = PBXBuildFile; fileRef = 7099BC0317E387CC008E105D /* UIPopoverController+FlatUI.m */; };
		7099BC1D17E38A26008E105D /* UIProgressView+FlatUI.m in Sources */ = {isa = PBXBuildFile; fileRef = 7099BC0517E387CC008E105D /* UIProgressView+FlatUI.m */; };
		7099BC1E17E38A26008E105D /* UISlider+FlatUI.m in Sources */ = {isa = PBXBuildFile; fileRef = 7099BC0717E387CC008E105D /* UISlider+FlatUI.m */; };
		7099BC1F17E38A26008E105D /* UIStepper+FlatUI.m in Sources */ = {isa = PBXBuildFile; fileRef = 7099BC0917E387CC008E105D /* UIStepper+FlatUI.m */; };
		7099BC2017E38A26008E105D /* UITabBar+FlatUI.m in Sources */ = {isa = PBXBuildFile; fileRef = 7099BC0B17E387CC008E105D /* UITabBar+FlatUI.m */; };
		7099BC2117E38A26008E105D /* UIToolbar+FlatUI.m in Sources */ = {isa = PBXBuildFile; fileRef = 7099BC0F17E387CC008E105D /* UIToolbar+FlatUI.m */; };
		7099BC2317E38AB6008E105D /* CoreText.framework in Frameworks */ = {isa = PBXBuildFile; fileRef = 7099BC2217E38AB6008E105D /* CoreText.framework */; };
		70AA548017B6E5060074A4DE /* FileSharingViewController.m in Sources */ = {isa = PBXBuildFile; fileRef = 70AA547F17B6E5060074A4DE /* FileSharingViewController.m */; };
		70B84C1117C3DC440077178C /* ContainerController.m in Sources */ = {isa = PBXBuildFile; fileRef = 70B84C1017C3DC440077178C /* ContainerController.m */; };
		70C9A75417F1D16700596A57 /* sfondoPerHdmi.png in Resources */ = {isa = PBXBuildFile; fileRef = 70C9A75317F1D16700596A57 /* sfondoPerHdmi.png */; };
		70D8BA7D17DD5EB900B2ABC6 /* thumb@2x.png in Resources */ = {isa = PBXBuildFile; fileRef = 70D8BA7B17DD5EB900B2ABC6 /* thumb@2x.png */; };
		70D8BA7E17DD5EB900B2ABC6 /* thumb.png in Resources */ = {isa = PBXBuildFile; fileRef = 70D8BA7C17DD5EB900B2ABC6 /* thumb.png */; };
		70D9996E17DF3A4F00B1524A /* AppIcon72x72.png in Resources */ = {isa = PBXBuildFile; fileRef = 70D9996D17DF3A4F00B1524A /* AppIcon72x72.png */; };
		70D9997017DF3A5C00B1524A /* AppIcon72x72@2x.png in Resources */ = {isa = PBXBuildFile; fileRef = 70D9996F17DF3A5B00B1524A /* AppIcon72x72@2x.png */; };
		70DCFED717C9602E00B05FF9 /* AudioToolbox.framework in Frameworks */ = {isa = PBXBuildFile; fileRef = 70DCFED617C9602E00B05FF9 /* AudioToolbox.framework */; };
		70F93BCD17B3B84E00EA5653 /* AssetsLibrary.framework in Frameworks */ = {isa = PBXBuildFile; fileRef = 70F93BCC17B3B84E00EA5653 /* AssetsLibrary.framework */; };
		70F9601317F1D3D20049A65E /* musica.png in Resources */ = {isa = PBXBuildFile; fileRef = 70F9601117F1D3D20049A65E /* musica.png */; };
		70F9601417F1D3D20049A65E /* musica@2x.png in Resources */ = {isa = PBXBuildFile; fileRef = 70F9601217F1D3D20049A65E /* musica@2x.png */; };
		FA0B6FBE1737C04D00078572 /* avPlayer.m in Sources */ = {isa = PBXBuildFile; fileRef = FA0B6FBD1737C04D00078572 /* avPlayer.m */; };
		FA12FF55172B0D8900BE283B /* QuartzCore.framework in Frameworks */ = {isa = PBXBuildFile; fileRef = FA12FF54172B0D8900BE283B /* QuartzCore.framework */; };
		FA12FF57172B0D8F00BE283B /* CoreMedia.framework in Frameworks */ = {isa = PBXBuildFile; fileRef = FA12FF56172B0D8F00BE283B /* CoreMedia.framework */; };
		FA3F8307173167A8002BE611 /* AVFoundation.framework in Frameworks */ = {isa = PBXBuildFile; fileRef = FA3F8306173167A8002BE611 /* AVFoundation.framework */; };
		FA4AA7D6172B030C00C5B3F3 /* UIKit.framework in Frameworks */ = {isa = PBXBuildFile; fileRef = FA4AA7D5172B030C00C5B3F3 /* UIKit.framework */; };
		FA4AA7D8172B030C00C5B3F3 /* Foundation.framework in Frameworks */ = {isa = PBXBuildFile; fileRef = FA4AA7D7172B030C00C5B3F3 /* Foundation.framework */; };
		FA4AA7DA172B030C00C5B3F3 /* CoreGraphics.framework in Frameworks */ = {isa = PBXBuildFile; fileRef = FA4AA7D9172B030C00C5B3F3 /* CoreGraphics.framework */; };
		FA4AA7E0172B030C00C5B3F3 /* InfoPlist.strings in Resources */ = {isa = PBXBuildFile; fileRef = FA4AA7DE172B030C00C5B3F3 /* InfoPlist.strings */; };
		FA4AA7E2172B030C00C5B3F3 /* main.m in Sources */ = {isa = PBXBuildFile; fileRef = FA4AA7E1172B030C00C5B3F3 /* main.m */; };
		FA4AA7E6172B030C00C5B3F3 /* AppDelegate.m in Sources */ = {isa = PBXBuildFile; fileRef = FA4AA7E5172B030C00C5B3F3 /* AppDelegate.m */; };
		FA4AA7E8172B030C00C5B3F3 /* Default.png in Resources */ = {isa = PBXBuildFile; fileRef = FA4AA7E7172B030C00C5B3F3 /* Default.png */; };
		FA4AA7EA172B030C00C5B3F3 /* Default@2x.png in Resources */ = {isa = PBXBuildFile; fileRef = FA4AA7E9172B030C00C5B3F3 /* Default@2x.png */; };
		FA4AA7EC172B030C00C5B3F3 /* Default-568h@2x.png in Resources */ = {isa = PBXBuildFile; fileRef = FA4AA7EB172B030C00C5B3F3 /* Default-568h@2x.png */; };
		FA4AA7EF172B030C00C5B3F3 /* MainStoryboard.storyboard in Resources */ = {isa = PBXBuildFile; fileRef = FA4AA7ED172B030C00C5B3F3 /* MainStoryboard.storyboard */; };
		FA4AA7F2172B030C00C5B3F3 /* ViewController.m in Sources */ = {isa = PBXBuildFile; fileRef = FA4AA7F1172B030C00C5B3F3 /* ViewController.m */; };
		FA77E523172E733F009A7564 /* barraScalette.png in Resources */ = {isa = PBXBuildFile; fileRef = FA77E522172E733F009A7564 /* barraScalette.png */; };
		FAC76032172B15D9001B7C8A /* MediaPlayer.framework in Frameworks */ = {isa = PBXBuildFile; fileRef = FAC76031172B15D9001B7C8A /* MediaPlayer.framework */; };
		FAEA160D173575B200D2FB17 /* VideoCell.m in Sources */ = {isa = PBXBuildFile; fileRef = FAEA160C173575B200D2FB17 /* VideoCell.m */; };
/* End PBXBuildFile section */

/* Begin PBXFileReference section */
		7007005017D3F37C0055A530 /* Accelerate.framework */ = {isa = PBXFileReference; lastKnownFileType = wrapper.framework; name = Accelerate.framework; path = System/Library/Frameworks/Accelerate.framework; sourceTree = SDKROOT; };
		7007005217D3F38C0055A530 /* FXBlurView.h */ = {isa = PBXFileReference; lastKnownFileType = sourcecode.c.h; path = FXBlurView.h; sourceTree = "<group>"; };
		7007005317D3F38C0055A530 /* FXBlurView.m */ = {isa = PBXFileReference; lastKnownFileType = sourcecode.c.objc; path = FXBlurView.m; sourceTree = "<group>"; };
		701B47AA17E318DF00EEFD15 /* slider_maximum.png */ = {isa = PBXFileReference; lastKnownFileType = image.png; path = slider_maximum.png; sourceTree = "<group>"; };
		701B47AB17E318DF00EEFD15 /* slider_minimum.png */ = {isa = PBXFileReference; lastKnownFileType = image.png; path = slider_minimum.png; sourceTree = "<group>"; };
		702E479C17E9CF3E0035891A /* gear.png */ = {isa = PBXFileReference; lastKnownFileType = image.png; path = gear.png; sourceTree = "<group>"; };
		702E479E17E9F91B0035891A /* sun.png */ = {isa = PBXFileReference; lastKnownFileType = image.png; path = sun.png; sourceTree = "<group>"; };
		702E479F17E9F91B0035891A /* moon.png */ = {isa = PBXFileReference; lastKnownFileType = image.png; path = moon.png; sourceTree = "<group>"; };
		70517B9717E92ED200ED2D7E /* settingsViewController.h */ = {isa = PBXFileReference; fileEncoding = 4; lastKnownFileType = sourcecode.c.h; path = settingsViewController.h; sourceTree = "<group>"; };
		70517B9817E92ED200ED2D7E /* settingsViewController.m */ = {isa = PBXFileReference; fileEncoding = 4; lastKnownFileType = sourcecode.c.objc; path = settingsViewController.m; sourceTree = "<group>"; };
		7054837017D0D21100FC83DE /* Default-Landscape~ipad.png */ = {isa = PBXFileReference; lastKnownFileType = image.png; name = "Default-Landscape~ipad.png"; path = "../Default-Landscape~ipad.png"; sourceTree = "<group>"; };
		7054837217D0D21400FC83DE /* Default-Landscape@2x~ipad.png */ = {isa = PBXFileReference; lastKnownFileType = image.png; name = "Default-Landscape@2x~ipad.png"; path = "../Default-Landscape@2x~ipad.png"; sourceTree = "<group>"; };
		7054B9A117C6174F00BA5483 /* selezionaVideoMusicaliController.h */ = {isa = PBXFileReference; fileEncoding = 4; lastKnownFileType = sourcecode.c.h; path = selezionaVideoMusicaliController.h; sourceTree = "<group>"; };
		7054B9A217C6174F00BA5483 /* selezionaVideoMusicaliController.m */ = {isa = PBXFileReference; fileEncoding = 4; lastKnownFileType = sourcecode.c.objc; path = selezionaVideoMusicaliController.m; sourceTree = "<group>"; };
		706F712517E3D35100F6D424 /* loop.png */ = {isa = PBXFileReference; lastKnownFileType = image.png; path = loop.png; sourceTree = "<group>"; };
		706F712617E3D35100F6D424 /* loop@2x.png */ = {isa = PBXFileReference; lastKnownFileType = image.png; path = "loop@2x.png"; sourceTree = "<group>"; };
		706F712717E3D35100F6D424 /* loopOff.png */ = {isa = PBXFileReference; lastKnownFileType = image.png; path = loopOff.png; sourceTree = "<group>"; };
		706F712817E3D35100F6D424 /* loopOff@2x.png */ = {isa = PBXFileReference; lastKnownFileType = image.png; path = "loopOff@2x.png"; sourceTree = "<group>"; };
		706F712917E3D35100F6D424 /* pause.png */ = {isa = PBXFileReference; lastKnownFileType = image.png; path = pause.png; sourceTree = "<group>"; };
		706F712A17E3D35100F6D424 /* pause@2x.png */ = {isa = PBXFileReference; lastKnownFileType = image.png; path = "pause@2x.png"; sourceTree = "<group>"; };
		706F712B17E3D35100F6D424 /* playpause.png */ = {isa = PBXFileReference; lastKnownFileType = image.png; path = playpause.png; sourceTree = "<group>"; };
		706F712C17E3D35100F6D424 /* playpause@2x.png */ = {isa = PBXFileReference; lastKnownFileType = image.png; path = "playpause@2x.png"; sourceTree = "<group>"; };
		706F712D17E3D35100F6D424 /* stop.png */ = {isa = PBXFileReference; lastKnownFileType = image.png; path = stop.png; sourceTree = "<group>"; };
		706F712E17E3D35100F6D424 /* stop@2x.png */ = {isa = PBXFileReference; lastKnownFileType = image.png; path = "stop@2x.png"; sourceTree = "<group>"; };
		706F712F17E3D35100F6D424 /* volumeoff.png */ = {isa = PBXFileReference; lastKnownFileType = image.png; path = volumeoff.png; sourceTree = "<group>"; };
		706F713017E3D35100F6D424 /* volumeoff@2x.png */ = {isa = PBXFileReference; lastKnownFileType = image.png; path = "volumeoff@2x.png"; sourceTree = "<group>"; };
		706F713117E3D35100F6D424 /* volumeon.png */ = {isa = PBXFileReference; lastKnownFileType = image.png; path = volumeon.png; sourceTree = "<group>"; };
		706F713217E3D35100F6D424 /* volumeon@2x.png */ = {isa = PBXFileReference; lastKnownFileType = image.png; path = "volumeon@2x.png"; sourceTree = "<group>"; };
		7075ED8217F4608500957CA7 /* ExtendNSLogFunctionality.h */ = {isa = PBXFileReference; fileEncoding = 4; lastKnownFileType = sourcecode.c.h; path = ExtendNSLogFunctionality.h; sourceTree = "<group>"; };
		7075ED8317F4608500957CA7 /* ExtendNSLogFunctionality.m */ = {isa = PBXFileReference; fileEncoding = 4; lastKnownFileType = sourcecode.c.objc; path = ExtendNSLogFunctionality.m; sourceTree = "<group>"; };
		7099BBD717E38778008E105D /* Lato-Black.ttf */ = {isa = PBXFileReference; lastKnownFileType = file; path = "Lato-Black.ttf"; sourceTree = "<group>"; };
		7099BBD817E38778008E105D /* Lato-BlackItalic.ttf */ = {isa = PBXFileReference; lastKnownFileType = file; path = "Lato-BlackItalic.ttf"; sourceTree = "<group>"; };
		7099BBD917E38778008E105D /* Lato-Bold.ttf */ = {isa = PBXFileReference; lastKnownFileType = file; path = "Lato-Bold.ttf"; sourceTree = "<group>"; };
		7099BBDA17E38778008E105D /* Lato-BoldItalic.ttf */ = {isa = PBXFileReference; lastKnownFileType = file; path = "Lato-BoldItalic.ttf"; sourceTree = "<group>"; };
		7099BBDB17E38778008E105D /* Lato-Hairline.ttf */ = {isa = PBXFileReference; lastKnownFileType = file; path = "Lato-Hairline.ttf"; sourceTree = "<group>"; };
		7099BBDC17E38778008E105D /* Lato-HairlineItalic.ttf */ = {isa = PBXFileReference; lastKnownFileType = file; path = "Lato-HairlineItalic.ttf"; sourceTree = "<group>"; };
		7099BBDD17E38778008E105D /* Lato-Italic.ttf */ = {isa = PBXFileReference; lastKnownFileType = file; path = "Lato-Italic.ttf"; sourceTree = "<group>"; };
		7099BBDE17E38778008E105D /* Lato-Light.ttf */ = {isa = PBXFileReference; lastKnownFileType = file; path = "Lato-Light.ttf"; sourceTree = "<group>"; };
		7099BBDF17E38778008E105D /* Lato-LightItalic.ttf */ = {isa = PBXFileReference; lastKnownFileType = file; path = "Lato-LightItalic.ttf"; sourceTree = "<group>"; };
		7099BBE017E38778008E105D /* Lato-Regular.ttf */ = {isa = PBXFileReference; lastKnownFileType = file; path = "Lato-Regular.ttf"; sourceTree = "<group>"; };
		7099BBEB17E387CC008E105D /* FlatUIKit.h */ = {isa = PBXFileReference; lastKnownFileType = sourcecode.c.h; path = FlatUIKit.h; sourceTree = "<group>"; };
		7099BBEC17E387CC008E105D /* FUIAlertView.h */ = {isa = PBXFileReference; lastKnownFileType = sourcecode.c.h; path = FUIAlertView.h; sourceTree = "<group>"; };
		7099BBED17E387CC008E105D /* FUIAlertView.m */ = {isa = PBXFileReference; lastKnownFileType = sourcecode.c.objc; path = FUIAlertView.m; sourceTree = "<group>"; };
		7099BBEE17E387CC008E105D /* FUIButton.h */ = {isa = PBXFileReference; lastKnownFileType = sourcecode.c.h; path = FUIButton.h; sourceTree = "<group>"; };
		7099BBEF17E387CC008E105D /* FUIButton.m */ = {isa = PBXFileReference; lastKnownFileType = sourcecode.c.objc; path = FUIButton.m; sourceTree = "<group>"; };
		7099BBF017E387CC008E105D /* FUICellBackgroundView.h */ = {isa = PBXFileReference; lastKnownFileType = sourcecode.c.h; path = FUICellBackgroundView.h; sourceTree = "<group>"; };
		7099BBF117E387CC008E105D /* FUICellBackgroundView.m */ = {isa = PBXFileReference; lastKnownFileType = sourcecode.c.objc; path = FUICellBackgroundView.m; sourceTree = "<group>"; };
		7099BBF217E387CC008E105D /* FUIPopoverBackgroundView.h */ = {isa = PBXFileReference; lastKnownFileType = sourcecode.c.h; path = FUIPopoverBackgroundView.h; sourceTree = "<group>"; };
		7099BBF317E387CC008E105D /* FUIPopoverBackgroundView.m */ = {isa = PBXFileReference; lastKnownFileType = sourcecode.c.objc; path = FUIPopoverBackgroundView.m; sourceTree = "<group>"; };
		7099BBF417E387CC008E105D /* FUISegmentedControl.h */ = {isa = PBXFileReference; lastKnownFileType = sourcecode.c.h; path = FUISegmentedControl.h; sourceTree = "<group>"; };
		7099BBF517E387CC008E105D /* FUISegmentedControl.m */ = {isa = PBXFileReference; lastKnownFileType = sourcecode.c.objc; path = FUISegmentedControl.m; sourceTree = "<group>"; };
		7099BBF617E387CC008E105D /* FUISwitch.h */ = {isa = PBXFileReference; lastKnownFileType = sourcecode.c.h; path = FUISwitch.h; sourceTree = "<group>"; };
		7099BBF717E387CC008E105D /* FUISwitch.m */ = {isa = PBXFileReference; lastKnownFileType = sourcecode.c.objc; path = FUISwitch.m; sourceTree = "<group>"; };
		7099BBF817E387CC008E105D /* UIBarButtonItem+FlatUI.h */ = {isa = PBXFileReference; lastKnownFileType = sourcecode.c.h; path = "UIBarButtonItem+FlatUI.h"; sourceTree = "<group>"; };
		7099BBF917E387CC008E105D /* UIBarButtonItem+FlatUI.m */ = {isa = PBXFileReference; lastKnownFileType = sourcecode.c.objc; path = "UIBarButtonItem+FlatUI.m"; sourceTree = "<group>"; };
		7099BBFA17E387CC008E105D /* UIColor+FlatUI.h */ = {isa = PBXFileReference; lastKnownFileType = sourcecode.c.h; path = "UIColor+FlatUI.h"; sourceTree = "<group>"; };
		7099BBFB17E387CC008E105D /* UIColor+FlatUI.m */ = {isa = PBXFileReference; lastKnownFileType = sourcecode.c.objc; path = "UIColor+FlatUI.m"; sourceTree = "<group>"; };
		7099BBFC17E387CC008E105D /* UIFont+FlatUI.h */ = {isa = PBXFileReference; lastKnownFileType = sourcecode.c.h; path = "UIFont+FlatUI.h"; sourceTree = "<group>"; };
		7099BBFD17E387CC008E105D /* UIFont+FlatUI.m */ = {isa = PBXFileReference; lastKnownFileType = sourcecode.c.objc; path = "UIFont+FlatUI.m"; sourceTree = "<group>"; };
		7099BBFE17E387CC008E105D /* UIImage+FlatUI.h */ = {isa = PBXFileReference; lastKnownFileType = sourcecode.c.h; path = "UIImage+FlatUI.h"; sourceTree = "<group>"; };
		7099BBFF17E387CC008E105D /* UIImage+FlatUI.m */ = {isa = PBXFileReference; lastKnownFileType = sourcecode.c.objc; path = "UIImage+FlatUI.m"; sourceTree = "<group>"; };
		7099BC0017E387CC008E105D /* UINavigationBar+FlatUI.h */ = {isa = PBXFileReference; lastKnownFileType = sourcecode.c.h; path = "UINavigationBar+FlatUI.h"; sourceTree = "<group>"; };
		7099BC0117E387CC008E105D /* UINavigationBar+FlatUI.m */ = {isa = PBXFileReference; lastKnownFileType = sourcecode.c.objc; path = "UINavigationBar+FlatUI.m"; sourceTree = "<group>"; };
		7099BC0217E387CC008E105D /* UIPopoverController+FlatUI.h */ = {isa = PBXFileReference; lastKnownFileType = sourcecode.c.h; path = "UIPopoverController+FlatUI.h"; sourceTree = "<group>"; };
		7099BC0317E387CC008E105D /* UIPopoverController+FlatUI.m */ = {isa = PBXFileReference; lastKnownFileType = sourcecode.c.objc; path = "UIPopoverController+FlatUI.m"; sourceTree = "<group>"; };
		7099BC0417E387CC008E105D /* UIProgressView+FlatUI.h */ = {isa = PBXFileReference; lastKnownFileType = sourcecode.c.h; path = "UIProgressView+FlatUI.h"; sourceTree = "<group>"; };
		7099BC0517E387CC008E105D /* UIProgressView+FlatUI.m */ = {isa = PBXFileReference; lastKnownFileType = sourcecode.c.objc; path = "UIProgressView+FlatUI.m"; sourceTree = "<group>"; };
		7099BC0617E387CC008E105D /* UISlider+FlatUI.h */ = {isa = PBXFileReference; lastKnownFileType = sourcecode.c.h; path = "UISlider+FlatUI.h"; sourceTree = "<group>"; };
		7099BC0717E387CC008E105D /* UISlider+FlatUI.m */ = {isa = PBXFileReference; lastKnownFileType = sourcecode.c.objc; path = "UISlider+FlatUI.m"; sourceTree = "<group>"; };
		7099BC0817E387CC008E105D /* UIStepper+FlatUI.h */ = {isa = PBXFileReference; lastKnownFileType = sourcecode.c.h; path = "UIStepper+FlatUI.h"; sourceTree = "<group>"; };
		7099BC0917E387CC008E105D /* UIStepper+FlatUI.m */ = {isa = PBXFileReference; lastKnownFileType = sourcecode.c.objc; path = "UIStepper+FlatUI.m"; sourceTree = "<group>"; };
		7099BC0A17E387CC008E105D /* UITabBar+FlatUI.h */ = {isa = PBXFileReference; lastKnownFileType = sourcecode.c.h; path = "UITabBar+FlatUI.h"; sourceTree = "<group>"; };
		7099BC0B17E387CC008E105D /* UITabBar+FlatUI.m */ = {isa = PBXFileReference; lastKnownFileType = sourcecode.c.objc; path = "UITabBar+FlatUI.m"; sourceTree = "<group>"; };
		7099BC0C17E387CC008E105D /* UITableViewCell+FlatUI.h */ = {isa = PBXFileReference; lastKnownFileType = sourcecode.c.h; path = "UITableViewCell+FlatUI.h"; sourceTree = "<group>"; };
		7099BC0D17E387CC008E105D /* UITableViewCell+FlatUI.m */ = {isa = PBXFileReference; lastKnownFileType = sourcecode.c.objc; path = "UITableViewCell+FlatUI.m"; sourceTree = "<group>"; };
		7099BC0E17E387CC008E105D /* UIToolbar+FlatUI.h */ = {isa = PBXFileReference; lastKnownFileType = sourcecode.c.h; path = "UIToolbar+FlatUI.h"; sourceTree = "<group>"; };
		7099BC0F17E387CC008E105D /* UIToolbar+FlatUI.m */ = {isa = PBXFileReference; lastKnownFileType = sourcecode.c.objc; path = "UIToolbar+FlatUI.m"; sourceTree = "<group>"; };
		7099BC2217E38AB6008E105D /* CoreText.framework */ = {isa = PBXFileReference; lastKnownFileType = wrapper.framework; name = CoreText.framework; path = System/Library/Frameworks/CoreText.framework; sourceTree = SDKROOT; };
		70AA547E17B6E5060074A4DE /* FileSharingViewController.h */ = {isa = PBXFileReference; fileEncoding = 4; lastKnownFileType = sourcecode.c.h; path = FileSharingViewController.h; sourceTree = "<group>"; };
		70AA547F17B6E5060074A4DE /* FileSharingViewController.m */ = {isa = PBXFileReference; fileEncoding = 4; lastKnownFileType = sourcecode.c.objc; path = FileSharingViewController.m; sourceTree = "<group>"; };
		70B84C0F17C3DC440077178C /* ContainerController.h */ = {isa = PBXFileReference; fileEncoding = 4; lastKnownFileType = sourcecode.c.h; path = ContainerController.h; sourceTree = "<group>"; };
		70B84C1017C3DC440077178C /* ContainerController.m */ = {isa = PBXFileReference; fileEncoding = 4; lastKnownFileType = sourcecode.c.objc; path = ContainerController.m; sourceTree = "<group>"; };
		70C9A75317F1D16700596A57 /* sfondoPerHdmi.png */ = {isa = PBXFileReference; lastKnownFileType = image.png; path = sfondoPerHdmi.png; sourceTree = "<group>"; };
		70D8BA7B17DD5EB900B2ABC6 /* thumb@2x.png */ = {isa = PBXFileReference; lastKnownFileType = image.png; path = "thumb@2x.png"; sourceTree = "<group>"; };
		70D8BA7C17DD5EB900B2ABC6 /* thumb.png */ = {isa = PBXFileReference; lastKnownFileType = image.png; path = thumb.png; sourceTree = "<group>"; };
		70D9996D17DF3A4F00B1524A /* AppIcon72x72.png */ = {isa = PBXFileReference; lastKnownFileType = image.png; name = AppIcon72x72.png; path = ../AppIcon72x72.png; sourceTree = "<group>"; };
		70D9996F17DF3A5B00B1524A /* AppIcon72x72@2x.png */ = {isa = PBXFileReference; lastKnownFileType = image.png; name = "AppIcon72x72@2x.png"; path = "../AppIcon72x72@2x.png"; sourceTree = "<group>"; };
		70DCFED617C9602E00B05FF9 /* AudioToolbox.framework */ = {isa = PBXFileReference; lastKnownFileType = wrapper.framework; name = AudioToolbox.framework; path = System/Library/Frameworks/AudioToolbox.framework; sourceTree = SDKROOT; };
		70F93BCC17B3B84E00EA5653 /* AssetsLibrary.framework */ = {isa = PBXFileReference; lastKnownFileType = wrapper.framework; name = AssetsLibrary.framework; path = System/Library/Frameworks/AssetsLibrary.framework; sourceTree = SDKROOT; };
		70F9601117F1D3D20049A65E /* musica.png */ = {isa = PBXFileReference; lastKnownFileType = image.png; path = musica.png; sourceTree = "<group>"; };
		70F9601217F1D3D20049A65E /* musica@2x.png */ = {isa = PBXFileReference; lastKnownFileType = image.png; path = "musica@2x.png"; sourceTree = "<group>"; };
		FA0B6FBC1737C04D00078572 /* avPlayer.h */ = {isa = PBXFileReference; fileEncoding = 4; lastKnownFileType = sourcecode.c.h; path = avPlayer.h; sourceTree = "<group>"; };
		FA0B6FBD1737C04D00078572 /* avPlayer.m */ = {isa = PBXFileReference; fileEncoding = 4; lastKnownFileType = sourcecode.c.objc; path = avPlayer.m; sourceTree = "<group>"; };
		FA12FF54172B0D8900BE283B /* QuartzCore.framework */ = {isa = PBXFileReference; lastKnownFileType = wrapper.framework; name = QuartzCore.framework; path = System/Library/Frameworks/QuartzCore.framework; sourceTree = SDKROOT; };
		FA12FF56172B0D8F00BE283B /* CoreMedia.framework */ = {isa = PBXFileReference; lastKnownFileType = wrapper.framework; name = CoreMedia.framework; path = System/Library/Frameworks/CoreMedia.framework; sourceTree = SDKROOT; };
		FA3F8306173167A8002BE611 /* AVFoundation.framework */ = {isa = PBXFileReference; lastKnownFileType = wrapper.framework; name = AVFoundation.framework; path = System/Library/Frameworks/AVFoundation.framework; sourceTree = SDKROOT; };
		FA4AA7D2172B030C00C5B3F3 /* VjLive.app */ = {isa = PBXFileReference; explicitFileType = wrapper.application; includeInIndex = 0; path = VjLive.app; sourceTree = BUILT_PRODUCTS_DIR; };
		FA4AA7D5172B030C00C5B3F3 /* UIKit.framework */ = {isa = PBXFileReference; lastKnownFileType = wrapper.framework; name = UIKit.framework; path = System/Library/Frameworks/UIKit.framework; sourceTree = SDKROOT; };
		FA4AA7D7172B030C00C5B3F3 /* Foundation.framework */ = {isa = PBXFileReference; lastKnownFileType = wrapper.framework; name = Foundation.framework; path = System/Library/Frameworks/Foundation.framework; sourceTree = SDKROOT; };
		FA4AA7D9172B030C00C5B3F3 /* CoreGraphics.framework */ = {isa = PBXFileReference; lastKnownFileType = wrapper.framework; name = CoreGraphics.framework; path = System/Library/Frameworks/CoreGraphics.framework; sourceTree = SDKROOT; };
		FA4AA7DD172B030C00C5B3F3 /* VjLive-Info.plist */ = {isa = PBXFileReference; lastKnownFileType = text.plist.xml; path = "VjLive-Info.plist"; sourceTree = "<group>"; };
		FA4AA7DF172B030C00C5B3F3 /* en */ = {isa = PBXFileReference; lastKnownFileType = text.plist.strings; name = en; path = en.lproj/InfoPlist.strings; sourceTree = "<group>"; };
		FA4AA7E1172B030C00C5B3F3 /* main.m */ = {isa = PBXFileReference; lastKnownFileType = sourcecode.c.objc; path = main.m; sourceTree = "<group>"; };
		FA4AA7E3172B030C00C5B3F3 /* VjLive-Prefix.pch */ = {isa = PBXFileReference; lastKnownFileType = sourcecode.c.h; path = "VjLive-Prefix.pch"; sourceTree = "<group>"; };
		FA4AA7E4172B030C00C5B3F3 /* AppDelegate.h */ = {isa = PBXFileReference; lastKnownFileType = sourcecode.c.h; path = AppDelegate.h; sourceTree = "<group>"; };
		FA4AA7E5172B030C00C5B3F3 /* AppDelegate.m */ = {isa = PBXFileReference; lastKnownFileType = sourcecode.c.objc; path = AppDelegate.m; sourceTree = "<group>"; };
		FA4AA7E7172B030C00C5B3F3 /* Default.png */ = {isa = PBXFileReference; lastKnownFileType = image.png; path = Default.png; sourceTree = "<group>"; };
		FA4AA7E9172B030C00C5B3F3 /* Default@2x.png */ = {isa = PBXFileReference; lastKnownFileType = image.png; path = "Default@2x.png"; sourceTree = "<group>"; };
		FA4AA7EB172B030C00C5B3F3 /* Default-568h@2x.png */ = {isa = PBXFileReference; lastKnownFileType = image.png; path = "Default-568h@2x.png"; sourceTree = "<group>"; };
		FA4AA7EE172B030C00C5B3F3 /* en */ = {isa = PBXFileReference; lastKnownFileType = file.storyboard; name = en; path = en.lproj/MainStoryboard.storyboard; sourceTree = "<group>"; };
		FA4AA7F0172B030C00C5B3F3 /* ViewController.h */ = {isa = PBXFileReference; lastKnownFileType = sourcecode.c.h; path = ViewController.h; sourceTree = "<group>"; };
		FA4AA7F1172B030C00C5B3F3 /* ViewController.m */ = {isa = PBXFileReference; lastKnownFileType = sourcecode.c.objc; path = ViewController.m; sourceTree = "<group>"; };
		FA77E522172E733F009A7564 /* barraScalette.png */ = {isa = PBXFileReference; lastKnownFileType = image.png; path = barraScalette.png; sourceTree = "<group>"; };
		FAC76031172B15D9001B7C8A /* MediaPlayer.framework */ = {isa = PBXFileReference; lastKnownFileType = wrapper.framework; name = MediaPlayer.framework; path = System/Library/Frameworks/MediaPlayer.framework; sourceTree = SDKROOT; };
		FADA7057172D5D460051F67E /* MessageUI.framework */ = {isa = PBXFileReference; lastKnownFileType = wrapper.framework; name = MessageUI.framework; path = System/Library/Frameworks/MessageUI.framework; sourceTree = SDKROOT; };
		FAEA160B173575B200D2FB17 /* VideoCell.h */ = {isa = PBXFileReference; fileEncoding = 4; lastKnownFileType = sourcecode.c.h; path = VideoCell.h; sourceTree = "<group>"; };
		FAEA160C173575B200D2FB17 /* VideoCell.m */ = {isa = PBXFileReference; fileEncoding = 4; lastKnownFileType = sourcecode.c.objc; path = VideoCell.m; sourceTree = "<group>"; };
/* End PBXFileReference section */

/* Begin PBXFrameworksBuildPhase section */
		FA4AA7CF172B030C00C5B3F3 /* Frameworks */ = {
			isa = PBXFrameworksBuildPhase;
			buildActionMask = 2147483647;
			files = (
				7099BC2317E38AB6008E105D /* CoreText.framework in Frameworks */,
				7007005117D3F37C0055A530 /* Accelerate.framework in Frameworks */,
				70DCFED717C9602E00B05FF9 /* AudioToolbox.framework in Frameworks */,
				70F93BCD17B3B84E00EA5653 /* AssetsLibrary.framework in Frameworks */,
				FA3F8307173167A8002BE611 /* AVFoundation.framework in Frameworks */,
				FAC76032172B15D9001B7C8A /* MediaPlayer.framework in Frameworks */,
				FA12FF57172B0D8F00BE283B /* CoreMedia.framework in Frameworks */,
				FA12FF55172B0D8900BE283B /* QuartzCore.framework in Frameworks */,
				FA4AA7D6172B030C00C5B3F3 /* UIKit.framework in Frameworks */,
				FA4AA7D8172B030C00C5B3F3 /* Foundation.framework in Frameworks */,
				FA4AA7DA172B030C00C5B3F3 /* CoreGraphics.framework in Frameworks */,
			);
			runOnlyForDeploymentPostprocessing = 0;
		};
/* End PBXFrameworksBuildPhase section */

/* Begin PBXGroup section */
		7099BBD617E38778008E105D /* Resources */ = {
			isa = PBXGroup;
			children = (
				7099BBD717E38778008E105D /* Lato-Black.ttf */,
				7099BBD817E38778008E105D /* Lato-BlackItalic.ttf */,
				7099BBD917E38778008E105D /* Lato-Bold.ttf */,
				7099BBDA17E38778008E105D /* Lato-BoldItalic.ttf */,
				7099BBDB17E38778008E105D /* Lato-Hairline.ttf */,
				7099BBDC17E38778008E105D /* Lato-HairlineItalic.ttf */,
				7099BBDD17E38778008E105D /* Lato-Italic.ttf */,
				7099BBDE17E38778008E105D /* Lato-Light.ttf */,
				7099BBDF17E38778008E105D /* Lato-LightItalic.ttf */,
				7099BBE017E38778008E105D /* Lato-Regular.ttf */,
				7099BBEB17E387CC008E105D /* FlatUIKit.h */,
				7099BBEC17E387CC008E105D /* FUIAlertView.h */,
				7099BBED17E387CC008E105D /* FUIAlertView.m */,
				7099BBEE17E387CC008E105D /* FUIButton.h */,
				7099BBEF17E387CC008E105D /* FUIButton.m */,
				7099BBF017E387CC008E105D /* FUICellBackgroundView.h */,
				7099BBF117E387CC008E105D /* FUICellBackgroundView.m */,
				7099BBF217E387CC008E105D /* FUIPopoverBackgroundView.h */,
				7099BBF317E387CC008E105D /* FUIPopoverBackgroundView.m */,
				7099BBF417E387CC008E105D /* FUISegmentedControl.h */,
				7099BBF517E387CC008E105D /* FUISegmentedControl.m */,
				7099BBF617E387CC008E105D /* FUISwitch.h */,
				7099BBF717E387CC008E105D /* FUISwitch.m */,
				7099BBF817E387CC008E105D /* UIBarButtonItem+FlatUI.h */,
				7099BBF917E387CC008E105D /* UIBarButtonItem+FlatUI.m */,
				7099BBFA17E387CC008E105D /* UIColor+FlatUI.h */,
				7099BBFB17E387CC008E105D /* UIColor+FlatUI.m */,
				7099BBFC17E387CC008E105D /* UIFont+FlatUI.h */,
				7099BBFD17E387CC008E105D /* UIFont+FlatUI.m */,
				7099BBFE17E387CC008E105D /* UIImage+FlatUI.h */,
				7099BBFF17E387CC008E105D /* UIImage+FlatUI.m */,
				7099BC0017E387CC008E105D /* UINavigationBar+FlatUI.h */,
				7099BC0117E387CC008E105D /* UINavigationBar+FlatUI.m */,
				7099BC0217E387CC008E105D /* UIPopoverController+FlatUI.h */,
				7099BC0317E387CC008E105D /* UIPopoverController+FlatUI.m */,
				7099BC0417E387CC008E105D /* UIProgressView+FlatUI.h */,
				7099BC0517E387CC008E105D /* UIProgressView+FlatUI.m */,
				7099BC0617E387CC008E105D /* UISlider+FlatUI.h */,
				7099BC0717E387CC008E105D /* UISlider+FlatUI.m */,
				7099BC0817E387CC008E105D /* UIStepper+FlatUI.h */,
				7099BC0917E387CC008E105D /* UIStepper+FlatUI.m */,
				7099BC0A17E387CC008E105D /* UITabBar+FlatUI.h */,
				7099BC0B17E387CC008E105D /* UITabBar+FlatUI.m */,
				7099BC0C17E387CC008E105D /* UITableViewCell+FlatUI.h */,
				7099BC0D17E387CC008E105D /* UITableViewCell+FlatUI.m */,
				7099BC0E17E387CC008E105D /* UIToolbar+FlatUI.h */,
				7099BC0F17E387CC008E105D /* UIToolbar+FlatUI.m */,
			);
			path = Resources;
			sourceTree = "<group>";
		};
		FA4AA7C9172B030C00C5B3F3 = {
			isa = PBXGroup;
			children = (
				FA4AA7DB172B030C00C5B3F3 /* VjLive */,
				FA4AA7D4172B030C00C5B3F3 /* Frameworks */,
				FA4AA7D3172B030C00C5B3F3 /* Products */,
			);
			sourceTree = "<group>";
		};
		FA4AA7D3172B030C00C5B3F3 /* Products */ = {
			isa = PBXGroup;
			children = (
				FA4AA7D2172B030C00C5B3F3 /* VjLive.app */,
			);
			name = Products;
			sourceTree = "<group>";
		};
		FA4AA7D4172B030C00C5B3F3 /* Frameworks */ = {
			isa = PBXGroup;
			children = (
				7099BC2217E38AB6008E105D /* CoreText.framework */,
				7007005017D3F37C0055A530 /* Accelerate.framework */,
				70DCFED617C9602E00B05FF9 /* AudioToolbox.framework */,
				70F93BCC17B3B84E00EA5653 /* AssetsLibrary.framework */,
				FA3F8306173167A8002BE611 /* AVFoundation.framework */,
				FADA7057172D5D460051F67E /* MessageUI.framework */,
				FAC76031172B15D9001B7C8A /* MediaPlayer.framework */,
				FA12FF56172B0D8F00BE283B /* CoreMedia.framework */,
				FA12FF54172B0D8900BE283B /* QuartzCore.framework */,
				FA4AA7D5172B030C00C5B3F3 /* UIKit.framework */,
				FA4AA7D7172B030C00C5B3F3 /* Foundation.framework */,
				FA4AA7D9172B030C00C5B3F3 /* CoreGraphics.framework */,
			);
			name = Frameworks;
			sourceTree = "<group>";
		};
		FA4AA7DB172B030C00C5B3F3 /* VjLive */ = {
			isa = PBXGroup;
			children = (
				7099BBD617E38778008E105D /* Resources */,
				FA4AA7E4172B030C00C5B3F3 /* AppDelegate.h */,
				FA4AA7E5172B030C00C5B3F3 /* AppDelegate.m */,
				FA4AA7ED172B030C00C5B3F3 /* MainStoryboard.storyboard */,
				70B84C0F17C3DC440077178C /* ContainerController.h */,
				70B84C1017C3DC440077178C /* ContainerController.m */,
				FAEA160B173575B200D2FB17 /* VideoCell.h */,
				FAEA160C173575B200D2FB17 /* VideoCell.m */,
				70AA547E17B6E5060074A4DE /* FileSharingViewController.h */,
				70AA547F17B6E5060074A4DE /* FileSharingViewController.m */,
				7054B9A117C6174F00BA5483 /* selezionaVideoMusicaliController.h */,
				7054B9A217C6174F00BA5483 /* selezionaVideoMusicaliController.m */,
				FA4AA7F0172B030C00C5B3F3 /* ViewController.h */,
				FA4AA7F1172B030C00C5B3F3 /* ViewController.m */,
				7075ED8217F4608500957CA7 /* ExtendNSLogFunctionality.h */,
				7075ED8317F4608500957CA7 /* ExtendNSLogFunctionality.m */,
				70517B9717E92ED200ED2D7E /* settingsViewController.h */,
				70517B9817E92ED200ED2D7E /* settingsViewController.m */,
				FA0B6FBC1737C04D00078572 /* avPlayer.h */,
				FA0B6FBD1737C04D00078572 /* avPlayer.m */,
				7007005217D3F38C0055A530 /* FXBlurView.h */,
				7007005317D3F38C0055A530 /* FXBlurView.m */,
				FA4AA7DC172B030C00C5B3F3 /* Supporting Files */,
			);
			path = VjLive;
			sourceTree = "<group>";
		};
		FA4AA7DC172B030C00C5B3F3 /* Supporting Files */ = {
			isa = PBXGroup;
			children = (
				70C9A75317F1D16700596A57 /* sfondoPerHdmi.png */,
				70F9601117F1D3D20049A65E /* musica.png */,
				70F9601217F1D3D20049A65E /* musica@2x.png */,
				702E479E17E9F91B0035891A /* sun.png */,
				702E479F17E9F91B0035891A /* moon.png */,
				702E479C17E9CF3E0035891A /* gear.png */,
				706F712517E3D35100F6D424 /* loop.png */,
				706F712617E3D35100F6D424 /* loop@2x.png */,
				706F712717E3D35100F6D424 /* loopOff.png */,
				706F712817E3D35100F6D424 /* loopOff@2x.png */,
				706F712917E3D35100F6D424 /* pause.png */,
				706F712A17E3D35100F6D424 /* pause@2x.png */,
				706F712B17E3D35100F6D424 /* playpause.png */,
				706F712C17E3D35100F6D424 /* playpause@2x.png */,
				706F712D17E3D35100F6D424 /* stop.png */,
				706F712E17E3D35100F6D424 /* stop@2x.png */,
				706F712F17E3D35100F6D424 /* volumeoff.png */,
				706F713017E3D35100F6D424 /* volumeoff@2x.png */,
				706F713117E3D35100F6D424 /* volumeon.png */,
				706F713217E3D35100F6D424 /* volumeon@2x.png */,
				70D9996D17DF3A4F00B1524A /* AppIcon72x72.png */,
				70D9996F17DF3A5B00B1524A /* AppIcon72x72@2x.png */,
				70D8BA7B17DD5EB900B2ABC6 /* thumb@2x.png */,
				701B47AA17E318DF00EEFD15 /* slider_maximum.png */,
				701B47AB17E318DF00EEFD15 /* slider_minimum.png */,
				70D8BA7C17DD5EB900B2ABC6 /* thumb.png */,
				7054837217D0D21400FC83DE /* Default-Landscape@2x~ipad.png */,
				7054837017D0D21100FC83DE /* Default-Landscape~ipad.png */,
				FA77E522172E733F009A7564 /* barraScalette.png */,
				FA4AA7DD172B030C00C5B3F3 /* VjLive-Info.plist */,
				FA4AA7DE172B030C00C5B3F3 /* InfoPlist.strings */,
				FA4AA7E1172B030C00C5B3F3 /* main.m */,
				FA4AA7E3172B030C00C5B3F3 /* VjLive-Prefix.pch */,
				FA4AA7E7172B030C00C5B3F3 /* Default.png */,
				FA4AA7E9172B030C00C5B3F3 /* Default@2x.png */,
				FA4AA7EB172B030C00C5B3F3 /* Default-568h@2x.png */,
			);
			name = "Supporting Files";
			sourceTree = "<group>";
		};
/* End PBXGroup section */

/* Begin PBXNativeTarget section */
		FA4AA7D1172B030C00C5B3F3 /* VjLive */ = {
			isa = PBXNativeTarget;
			buildConfigurationList = FA4AA7F5172B030C00C5B3F3 /* Build configuration list for PBXNativeTarget "VjLive" */;
			buildPhases = (
				FA4AA7CE172B030C00C5B3F3 /* Sources */,
				FA4AA7CF172B030C00C5B3F3 /* Frameworks */,
				FA4AA7D0172B030C00C5B3F3 /* Resources */,
			);
			buildRules = (
			);
			dependencies = (
			);
			name = VjLive;
			productName = VjLive;
			productReference = FA4AA7D2172B030C00C5B3F3 /* VjLive.app */;
			productType = "com.apple.product-type.application";
		};
/* End PBXNativeTarget section */

/* Begin PBXProject section */
		FA4AA7CA172B030C00C5B3F3 /* Project object */ = {
			isa = PBXProject;
			attributes = {
				LastUpgradeCheck = 0460;
				ORGANIZATIONNAME = "Alessandro Belli";
			};
			buildConfigurationList = FA4AA7CD172B030C00C5B3F3 /* Build configuration list for PBXProject "VjLive" */;
			compatibilityVersion = "Xcode 3.2";
			developmentRegion = English;
			hasScannedForEncodings = 0;
			knownRegions = (
				en,
			);
			mainGroup = FA4AA7C9172B030C00C5B3F3;
			productRefGroup = FA4AA7D3172B030C00C5B3F3 /* Products */;
			projectDirPath = "";
			projectRoot = "";
			targets = (
				FA4AA7D1172B030C00C5B3F3 /* VjLive */,
			);
		};
/* End PBXProject section */

/* Begin PBXResourcesBuildPhase section */
		FA4AA7D0172B030C00C5B3F3 /* Resources */ = {
			isa = PBXResourcesBuildPhase;
			buildActionMask = 2147483647;
			files = (
				FA4AA7E0172B030C00C5B3F3 /* InfoPlist.strings in Resources */,
				FA4AA7E8172B030C00C5B3F3 /* Default.png in Resources */,
				FA4AA7EA172B030C00C5B3F3 /* Default@2x.png in Resources */,
				FA4AA7EC172B030C00C5B3F3 /* Default-568h@2x.png in Resources */,
				FA4AA7EF172B030C00C5B3F3 /* MainStoryboard.storyboard in Resources */,
				FA77E523172E733F009A7564 /* barraScalette.png in Resources */,
				7054837117D0D21100FC83DE /* Default-Landscape~ipad.png in Resources */,
				7054837317D0D21400FC83DE /* Default-Landscape@2x~ipad.png in Resources */,
				70D8BA7D17DD5EB900B2ABC6 /* thumb@2x.png in Resources */,
				70D8BA7E17DD5EB900B2ABC6 /* thumb.png in Resources */,
				70D9996E17DF3A4F00B1524A /* AppIcon72x72.png in Resources */,
				70D9997017DF3A5C00B1524A /* AppIcon72x72@2x.png in Resources */,
				701B47AC17E318DF00EEFD15 /* slider_maximum.png in Resources */,
				701B47AD17E318DF00EEFD15 /* slider_minimum.png in Resources */,
				7099BBE117E38778008E105D /* Lato-Black.ttf in Resources */,
				7099BBE217E38778008E105D /* Lato-BlackItalic.ttf in Resources */,
				70C9A75417F1D16700596A57 /* sfondoPerHdmi.png in Resources */,
				7099BBE317E38778008E105D /* Lato-Bold.ttf in Resources */,
				7099BBE417E38778008E105D /* Lato-BoldItalic.ttf in Resources */,
				7099BBE517E38778008E105D /* Lato-Hairline.ttf in Resources */,
				7099BBE617E38778008E105D /* Lato-HairlineItalic.ttf in Resources */,
				7099BBE717E38778008E105D /* Lato-Italic.ttf in Resources */,
				7099BBE817E38778008E105D /* Lato-Light.ttf in Resources */,
				7099BBE917E38778008E105D /* Lato-LightItalic.ttf in Resources */,
				70F9601417F1D3D20049A65E /* musica@2x.png in Resources */,
				7099BBEA17E38778008E105D /* Lato-Regular.ttf in Resources */,
				706F713317E3D35100F6D424 /* loop.png in Resources */,
				706F713417E3D35100F6D424 /* loop@2x.png in Resources */,
				706F713517E3D35100F6D424 /* loopOff.png in Resources */,
				706F713617E3D35100F6D424 /* loopOff@2x.png in Resources */,
				706F713717E3D35100F6D424 /* pause.png in Resources */,
				706F713817E3D35100F6D424 /* pause@2x.png in Resources */,
				706F713917E3D35100F6D424 /* playpause.png in Resources */,
				706F713A17E3D35100F6D424 /* playpause@2x.png in Resources */,
				706F713B17E3D35100F6D424 /* stop.png in Resources */,
				706F713C17E3D35100F6D424 /* stop@2x.png in Resources */,
				706F713D17E3D35100F6D424 /* volumeoff.png in Resources */,
				706F713E17E3D35100F6D424 /* volumeoff@2x.png in Resources */,
				70F9601317F1D3D20049A65E /* musica.png in Resources */,
				706F713F17E3D35100F6D424 /* volumeon.png in Resources */,
				706F714017E3D35100F6D424 /* volumeon@2x.png in Resources */,
				702E479D17E9CF3E0035891A /* gear.png in Resources */,
				702E47A017E9F91B0035891A /* sun.png in Resources */,
				702E47A117E9F91B0035891A /* moon.png in Resources */,
			);
			runOnlyForDeploymentPostprocessing = 0;
		};
/* End PBXResourcesBuildPhase section */

/* Begin PBXSourcesBuildPhase section */
		FA4AA7CE172B030C00C5B3F3 /* Sources */ = {
			isa = PBXSourcesBuildPhase;
			buildActionMask = 2147483647;
			files = (
				7099BC1317E38A26008E105D /* FUIAlertView.m in Sources */,
				7099BC1417E38A26008E105D /* FUIButton.m in Sources */,
				7099BC1517E38A26008E105D /* FUICellBackgroundView.m in Sources */,
				7099BC1617E38A26008E105D /* FUIPopoverBackgroundView.m in Sources */,
				7099BC1717E38A26008E105D /* FUISegmentedControl.m in Sources */,
				7099BC1817E38A26008E105D /* FUISwitch.m in Sources */,
				7099BC1917E38A26008E105D /* UIBarButtonItem+FlatUI.m in Sources */,
				7099BC1A17E38A26008E105D /* UIImage+FlatUI.m in Sources */,
				7099BC1B17E38A26008E105D /* UINavigationBar+FlatUI.m in Sources */,
				7099BC1C17E38A26008E105D /* UIPopoverController+FlatUI.m in Sources */,
				7099BC1D17E38A26008E105D /* UIProgressView+FlatUI.m in Sources */,
				7099BC1E17E38A26008E105D /* UISlider+FlatUI.m in Sources */,
				7099BC1F17E38A26008E105D /* UIStepper+FlatUI.m in Sources */,
				7099BC2017E38A26008E105D /* UITabBar+FlatUI.m in Sources */,
				7099BC2117E38A26008E105D /* UIToolbar+FlatUI.m in Sources */,
				7099BC1017E38A02008E105D /* UIColor+FlatUI.m in Sources */,
				7099BC1117E38A02008E105D /* UIFont+FlatUI.m in Sources */,
				7099BC1217E38A02008E105D /* UITableViewCell+FlatUI.m in Sources */,
				7007005417D3F46A0055A530 /* FXBlurView.m in Sources */,
				7075ED8417F4608500957CA7 /* ExtendNSLogFunctionality.m in Sources */,
				FA4AA7E2172B030C00C5B3F3 /* main.m in Sources */,
				FA4AA7E6172B030C00C5B3F3 /* AppDelegate.m in Sources */,
				FA4AA7F2172B030C00C5B3F3 /* ViewController.m in Sources */,
				FAEA160D173575B200D2FB17 /* VideoCell.m in Sources */,
				FA0B6FBE1737C04D00078572 /* avPlayer.m in Sources */,
				70AA548017B6E5060074A4DE /* FileSharingViewController.m in Sources */,
				70B84C1117C3DC440077178C /* ContainerController.m in Sources */,
				7054B9A317C6174F00BA5483 /* selezionaVideoMusicaliController.m in Sources */,
				70517B9917E92ED200ED2D7E /* settingsViewController.m in Sources */,
			);
			runOnlyForDeploymentPostprocessing = 0;
		};
/* End PBXSourcesBuildPhase section */

/* Begin PBXVariantGroup section */
		FA4AA7DE172B030C00C5B3F3 /* InfoPlist.strings */ = {
			isa = PBXVariantGroup;
			children = (
				FA4AA7DF172B030C00C5B3F3 /* en */,
			);
			name = InfoPlist.strings;
			sourceTree = "<group>";
		};
		FA4AA7ED172B030C00C5B3F3 /* MainStoryboard.storyboard */ = {
			isa = PBXVariantGroup;
			children = (
				FA4AA7EE172B030C00C5B3F3 /* en */,
			);
			name = MainStoryboard.storyboard;
			sourceTree = "<group>";
		};
/* End PBXVariantGroup section */

/* Begin XCBuildConfiguration section */
		FA4AA7F3172B030C00C5B3F3 /* Debug */ = {
			isa = XCBuildConfiguration;
			buildSettings = {
				ALWAYS_SEARCH_USER_PATHS = NO;
				CLANG_CXX_LANGUAGE_STANDARD = "gnu++0x";
				CLANG_CXX_LIBRARY = "libc++";
				CLANG_ENABLE_OBJC_ARC = YES;
				CLANG_WARN_CONSTANT_CONVERSION = YES;
				CLANG_WARN_EMPTY_BODY = YES;
				CLANG_WARN_ENUM_CONVERSION = YES;
				CLANG_WARN_INT_CONVERSION = YES;
				CLANG_WARN__DUPLICATE_METHOD_MATCH = YES;
				"CODE_SIGN_IDENTITY[sdk=iphoneos*]" = "iPhone Developer";
				COPY_PHASE_STRIP = NO;
				GCC_C_LANGUAGE_STANDARD = gnu99;
				GCC_DYNAMIC_NO_PIC = NO;
				GCC_OPTIMIZATION_LEVEL = 0;
				GCC_PREPROCESSOR_DEFINITIONS = (
					"DEBUG=1",
					"$(inherited)",
				);
				GCC_SYMBOLS_PRIVATE_EXTERN = NO;
				GCC_WARN_ABOUT_RETURN_TYPE = YES;
				GCC_WARN_UNINITIALIZED_AUTOS = YES;
				GCC_WARN_UNUSED_VARIABLE = YES;
				IPHONEOS_DEPLOYMENT_TARGET = 6.1;
				ONLY_ACTIVE_ARCH = YES;
				SDKROOT = iphoneos;
				TARGETED_DEVICE_FAMILY = 2;
			};
			name = Debug;
		};
		FA4AA7F4172B030C00C5B3F3 /* Release */ = {
			isa = XCBuildConfiguration;
			buildSettings = {
				ALWAYS_SEARCH_USER_PATHS = NO;
				CLANG_CXX_LANGUAGE_STANDARD = "gnu++0x";
				CLANG_CXX_LIBRARY = "libc++";
				CLANG_ENABLE_OBJC_ARC = YES;
				CLANG_WARN_CONSTANT_CONVERSION = YES;
				CLANG_WARN_EMPTY_BODY = YES;
				CLANG_WARN_ENUM_CONVERSION = YES;
				CLANG_WARN_INT_CONVERSION = YES;
				CLANG_WARN__DUPLICATE_METHOD_MATCH = YES;
				"CODE_SIGN_IDENTITY[sdk=iphoneos*]" = "iPhone Developer";
				COPY_PHASE_STRIP = YES;
				GCC_C_LANGUAGE_STANDARD = gnu99;
				GCC_WARN_ABOUT_RETURN_TYPE = YES;
				GCC_WARN_UNINITIALIZED_AUTOS = YES;
				GCC_WARN_UNUSED_VARIABLE = YES;
				IPHONEOS_DEPLOYMENT_TARGET = 6.1;
				OTHER_CFLAGS = "-DNS_BLOCK_ASSERTIONS=1";
				SDKROOT = iphoneos;
				TARGETED_DEVICE_FAMILY = 2;
				VALIDATE_PRODUCT = YES;
			};
			name = Release;
		};
		FA4AA7F6172B030C00C5B3F3 /* Debug */ = {
			isa = XCBuildConfiguration;
			buildSettings = {
				GCC_PRECOMPILE_PREFIX_HEADER = YES;
				GCC_PREFIX_HEADER = "VjLive/VjLive-Prefix.pch";
				INFOPLIST_FILE = "VjLive/VjLive-Info.plist";
				LIBRARY_SEARCH_PATHS = "$(inherited)";
				PRODUCT_NAME = "$(TARGET_NAME)";
				WRAPPER_EXTENSION = app;
			};
			name = Debug;
		};
		FA4AA7F7172B030C00C5B3F3 /* Release */ = {
			isa = XCBuildConfiguration;
			buildSettings = {
				GCC_PRECOMPILE_PREFIX_HEADER = YES;
				GCC_PREFIX_HEADER = "VjLive/VjLive-Prefix.pch";
				INFOPLIST_FILE = "VjLive/VjLive-Info.plist";
				LIBRARY_SEARCH_PATHS = "$(inherited)";
				PRODUCT_NAME = "$(TARGET_NAME)";
				WRAPPER_EXTENSION = app;
			};
			name = Release;
		};
/* End XCBuildConfiguration section */

/* Begin XCConfigurationList section */
		FA4AA7CD172B030C00C5B3F3 /* Build configuration list for PBXProject "VjLive" */ = {
			isa = XCConfigurationList;
			buildConfigurations = (
				FA4AA7F3172B030C00C5B3F3 /* Debug */,
				FA4AA7F4172B030C00C5B3F3 /* Release */,
			);
			defaultConfigurationIsVisible = 0;
			defaultConfigurationName = Release;
		};
		FA4AA7F5172B030C00C5B3F3 /* Build configuration list for PBXNativeTarget "VjLive" */ = {
			isa = XCConfigurationList;
			buildConfigurations = (
				FA4AA7F6172B030C00C5B3F3 /* Debug */,
				FA4AA7F7172B030C00C5B3F3 /* Release */,
			);
			defaultConfigurationIsVisible = 0;
			defaultConfigurationName = Release;
		};
/* End XCConfigurationList section */
	};
	rootObject = FA4AA7CA172B030C00C5B3F3 /* Project object */;
}
